PackratFormat: 1.4
PackratVersion: 0.4.1.1
RVersion: 3.1.2
Repos: CRAN=http://cran.at.r-project.org/,
    BioCsoft=http://bioconductor.org/packages/2.13/bioc,
    BioCann=http://bioconductor.org/packages/2.13/data/annotation,
    BioCexp=http://bioconductor.org/packages/2.13/data/experiment,
    BioCextra=http://bioconductor.org/packages/2.13/extra

Package: ade4
Source: CRAN
Version: 1.6-2
Hash: b0b791caa767bbba081f79d74b87b06f

Package: adegenet
Source: CRAN
Version: 1.4-2
Hash: 365fa053ab19e55067f68beb55cdd484
Requires: ade4, ape, ggplot2, igraph, MASS, shiny

Package: animation
Source: CRAN
Version: 2.3
Hash: c27508a1cdf07adc1b4fe3e57d66104a

Package: ape
Source: CRAN
Version: 3.1-4
Hash: 5534b1e696b5b09242c692dfbe242739
Requires: lattice, nlme

Package: assertthat
Source: CRAN
Version: 0.1
Hash: 4b419cfdc33a3019a7f3c6f0cdea6c38

Package: BH
Source: CRAN
Version: 1.54.0-5
Hash: f6ec6d403596536b115f39d38204d571

Package: bitops
Source: CRAN
Version: 1.0-6
Hash: cb26464a8321628636b547518994c931

Package: boot
Source: CRAN
Version: 1.3-11
Hash: bf64875e9a47ae2a7f134acd2ab8aeef

Package: caTools
Source: CRAN
Version: 1.17.1
Hash: bb5fdc266f716b8a289a4f92007d53e3
Requires: bitops

Package: cluster
Source: CRAN
Version: 1.15.3
Hash: 1b770a6153049f0078bb7cd809825dc6

Package: colorspace
Source: CRAN
Version: 1.2-4
Hash: b775bd08a10f968fef582304b7c3ab9c

Package: DBI
Source: CRAN
Version: 0.3.1
Hash: 3a9e85b26ec3ab570266bccb3f9de055

Package: devtools
Source: CRAN
Version: 1.6
Hash: 39c662e72bf62c09de812cfedbe9d1d2
Requires: digest, evaluate, httr, jsonlite, memoise, RCurl, rstudioapi,
    whisker

Package: dichromat
Source: CRAN
Version: 2.0-0
Hash: 42be2136555fa4b6167605df56d8cd7c

Package: digest
Source: CRAN
Version: 0.6.4
Hash: e4bf0e79b15a352510aff0de905d31e2

Package: dplyr
Source: CRAN
Version: 0.2
Hash: 28d3604362ee7777df2e7fce7b888704
Requires: assertthat, BH, hflights, Lahman, magrittr, Rcpp

Package: evaluate
Source: CRAN
Version: 0.5.5
Hash: 20881970e590ee68de97a468694db7b0
Requires: stringr

Package: fastmatch
Source: CRAN
Version: 1.0-4
Hash: 6a5f2beca355d3dd8cadba8151b9880f

Package: formatR
Source: CRAN
Version: 1.0
Hash: a90c211d7df7e61a72b8ab6c99c2e848

Package: ggmap
Source: CRAN
Version: 2.3
Hash: de98e41d089a704b5c03da03a806f2fb
Requires: ggplot2, mapproj, plyr, png, proto, reshape2, RgoogleMaps,
    rjson, scales

Package: ggplot2
Source: CRAN
Version: 1.0.0
Hash: c8bff66238347472f08b6a35608539ff
Requires: digest, gtable, MASS, plyr, proto, reshape2, scales

Package: gtable
Source: CRAN
Version: 0.1.2
Hash: 0cf4a2b54c02b35dec7e74a8ebed12a0

Package: hflights
Source: CRAN
Version: 0.1
Hash: c695268ebb08ef39e7bf4909e667406c

Package: highr
Source: CRAN
Version: 0.3
Hash: 7c85a9b7d07a75e2d8ca74f9467fee21

Package: htmltools
Source: CRAN
Version: 0.2.6
Hash: 2c87108d130de261ac3c468d3316ae42
Requires: digest

Package: httpuv
Source: CRAN
Version: 1.3.2
Hash: 163f7f889c45832ff6e0841c90c51845
Requires: Rcpp

Package: httr
Source: CRAN
Version: 0.5
Hash: 68a70bdd16fb949a12e4fda7f31def00
Requires: digest, jsonlite, RCurl, stringr

Package: igraph
Source: CRAN
Version: 0.7.1
Hash: e82d8e897ee5f480edb6a68b3d949dba
Requires: Matrix

Package: jsonlite
Source: CRAN
Version: 0.9.13
Hash: dd2cfbfb6cce930fef0be435a7093e8a

Package: knitr
Source: CRAN
Version: 1.6
Hash: 0f6457facba94bccad17a7c67c2f4168
Requires: digest, evaluate, formatR, highr, markdown, stringr

Package: labeling
Source: CRAN
Version: 0.3
Hash: 568a992912caf7eeddfb121924154047

Package: Lahman
Source: CRAN
Version: 3.0-1
Hash: 01ed6aeccc6eda186d88f2bb2cab37e6

Package: lattice
Source: CRAN
Version: 0.20-29
Hash: 17e9fe582d11197544a5ec817a80b21e

Package: lazyeval
Source: CRAN
Version: 0.1.9
Hash: 2953778d951973e2889641c06275ecf3

Package: magrittr
Source: CRAN
Version: 1.0.1
Hash: 576e5bf21e3801499cebc27af6ad1627

Package: mapproj
Source: CRAN
Version: 1.2-2
Hash: 26b74cac98f12af52703765791824ea2
Requires: maps

Package: maps
Source: CRAN
Version: 2.3-9
Hash: 236a24fa187bb1f3a1694f2915597c5e

Package: markdown
Source: CRAN
Version: 0.7.4
Hash: 01d7f71ed6e3d9b1c17ba51cff91be72
Requires: mime

Package: MASS
Source: CRAN
Version: 7.3-35
Hash: 2a7641e407ce2a484d5a587a4e30a9aa

Package: Matrix
Source: CRAN
Version: 1.1-4
Hash: 09826c0d5d08defcc73e71afda63590c
Requires: lattice

Package: memoise
Source: CRAN
Version: 0.2.1
Hash: fc52fa39dfd216c44d64812ff31b1c67
Requires: digest

Package: mgcv
Source: CRAN
Version: 1.8-3
Hash: 623a50839d07264cb8ca0b1497003671
Requires: Matrix, nlme

Package: mime
Source: CRAN
Version: 0.1.2
Hash: 08ae994b18677717b786ade9c113b6ea

Package: mmod
Source: CRAN
Version: 1.2.1
Hash: 73b1cc5ead19399294e396e52bc3f2a4
Requires: adegenet, pegas

Package: munsell
Source: CRAN
Version: 0.4.2
Hash: fa8af6d040041439b249351e9d16ae9a
Requires: colorspace

Package: nlme
Source: CRAN
Version: 3.1-117
Hash: 2c835a1c4e1e0b48e614a8a4691a5ce3
Requires: lattice

Package: packrat
Source: CRAN
Version: 0.4.1-1
Hash: 5716097644904b9c1b4be2692de16005

Package: pegas
Source: CRAN
Version: 0.6
Hash: fc5d01805ad587d02bc2748aa9f4cdb2
Requires: adegenet, ape

Package: permute
Source: CRAN
Version: 0.8-3
Hash: 92a39171e57ccc8c82abc65db2ef593d

Package: phangorn
Source: CRAN
Version: 1.99-7
Hash: 684f22fb2618a72447d3d830bdb70a05
Requires: ape, fastmatch, igraph, Matrix, quadprog

Package: plyr
Source: CRAN
Version: 1.8.1
Hash: 6a287219196e18bc6261dc11b41b1ca0
Requires: Rcpp

Package: png
Source: CRAN
Version: 0.1-7
Hash: 7559dcd0a9f188351986d0494ec1516d

Package: poppr
Source: github
Version: 1.1.2.99-70
Hash: 2c8d00771b2ea328163319279aa4d616872b2bad
Requires: ade4, adegenet, ape, ggplot2, igraph, pegas, phangorn,
    reshape2, vegan
GithubRepo: poppr
GithubUsername: JonahBrooks
GithubRef: devel
GithubSha1: 2c8d00771b2ea328163319279aa4d616872b2bad

Package: PramCurry
Source: source
Version: 1.0
Hash: 3cb0a986bd01009419fb0ffdc8f3161d
Requires: ade4, adegenet, ape, boot, dplyr, ggmap, ggplot2, igraph,
    knitr, poppr, reshape2, vegan
SourcePath: ~/Documents/Grunwald/ramorum_analysis/PramCurry

Package: proto
Source: CRAN
Version: 0.3-10
Hash: 668a9e87cedbdc5f56c396edf1bd2648

Package: quadprog
Source: CRAN
Version: 1.5-5
Hash: c5b36fd14dff166f26d68ccf1515c200

Package: R6
Source: CRAN
Version: 2.0.1
Hash: 9a3ac4e5fd8059af0fc5156bcb019bbc

Package: RColorBrewer
Source: CRAN
Version: 1.0-5
Hash: 6a849b729bec970204ca88b96906adbc

Package: Rcpp
Source: CRAN
Version: 0.11.3
Hash: d9cc0a13885961b2d004cf73b0fb68dd

Package: RCurl
Source: CRAN
Version: 1.95-4.4
Hash: 32b717e968e3151eaa5b4076267c7f0b
Requires: bitops

Package: reshape2
Source: CRAN
Version: 1.4
Hash: e50809918ebb73dff47de17d36d12975
Requires: plyr, Rcpp, stringr

Package: rgdal
Source: CRAN
Version: 0.8-16
Hash: 4e3d03fb47a1f57c7344928cbc8769d9
Requires: sp

Package: rgl
Source: CRAN
Version: 0.93.1098
Hash: 3aaa8dbaf7183d1779b5b963d0e4b0ce

Package: RgoogleMaps
Source: CRAN
Version: 1.2.0.6
Hash: 94d5dca13d4b4b6b7e747f1ac735f77b
Requires: png, RJSONIO

Package: rjson
Source: CRAN
Version: 0.2.14
Hash: 6dfb12a8996f481bf8000d885b76db2e

Package: RJSONIO
Source: CRAN
Version: 1.3-0
Hash: 8b1341dfd547c90ed4b3365d5aa46a7b

Package: rmarkdown
Source: github
Version: 0.3.10
Hash: 82a063d41be99d9229716159884e468b8a3a7bec
Requires: caTools, htmltools, knitr, yaml
GithubRepo: rmarkdown
GithubUsername: rstudio
GithubRef: v0.98.1000
GithubSha1: 82a063d41be99d9229716159884e468b8a3a7bec

Package: rstudioapi
Source: CRAN
Version: 0.1
Hash: 5bd4449a873ec652a05c932312dcf04b

Package: scales
Source: CRAN
Version: 0.2.4
Hash: b8b1af97bd07818605223060386b00dd
Requires: dichromat, labeling, munsell, plyr, RColorBrewer

Package: shiny
Source: CRAN
Version: 0.10.1
Hash: abf0d95fb716352103ee6d35b51fffa4
Requires: caTools, digest, htmltools, httpuv, RJSONIO, xtable

Package: sp
Source: CRAN
Version: 1.0-15
Hash: ccab055c2835c81a8add23517d8b6219
Requires: lattice

Package: stringr
Source: CRAN
Version: 0.6.2
Hash: cdde0cfa0f52cffeaca23a11a3899779

Package: tidyr
Source: CRAN
Version: 0.1
Hash: 670914c4cc556ce437637448b4b3e8b0
Requires: dplyr, reshape2

Package: vegan
Source: CRAN
Version: 2.0-10
Hash: e8d0d575c0cbce6da2c8777ac291e5aa
Requires: lattice, permute

Package: whisker
Source: CRAN
Version: 0.3-2
Hash: 186ab2937fec1694c8a63009a2389c4e

Package: xtable
Source: CRAN
Version: 1.7-4
Hash: 7b30b5ca6c7ae80c4f916502e3ad0237

Package: yaml
Source: CRAN
Version: 2.1.13
Hash: e5d041c001f6d641fd009c1f6ef7d831
